
Microsoft Visual Studio Solution File, Format Version 12.00
# Visual Studio Version 17
VisualStudioVersion = 17.4.33103.184
MinimumVisualStudioVersion = 10.0.40219.1
Project("{FAE04EC0-301F-11D3-BF4B-00C04F79EFBC}") = "CityApi", "src\Api\CityApi\CityApi.csproj", "{E9C03013-A7A3-481F-874C-F74F1EC064F1}"
EndProject
Project("{2150E333-8FDC-42A3-9474-1A3956D46DE8}") = "src", "src", "{208E6365-47A6-4149-8E6E-38A77689B4F3}"
EndProject
Project("{2150E333-8FDC-42A3-9474-1A3956D46DE8}") = "Api", "Api", "{3888C412-2988-4BCF-A946-1B8C942FA28D}"
EndProject
Project("{2150E333-8FDC-42A3-9474-1A3956D46DE8}") = "Core", "Core", "{EC7D993B-2A19-431F-B71E-5CB379772E83}"
EndProject
Project("{FAE04EC0-301F-11D3-BF4B-00C04F79EFBC}") = "City_Appilcation", "src\Core\City_Appilcation\City_Appilcation.csproj", "{1F0E2E2B-79E2-4130-A843-BE5B520AACA0}"
EndProject
Project("{FAE04EC0-301F-11D3-BF4B-00C04F79EFBC}") = "City_Domain", "src\Core\City_Domain\City_Domain.csproj", "{BE4681ED-55B1-41E2-94BF-63F0463D487D}"
EndProject
Project("{2150E333-8FDC-42A3-9474-1A3956D46DE8}") = "Infestructure", "Infestructure", "{671D5871-539E-4ACB-9B4B-8B5E24FDA3E5}"
EndProject
Project("{2150E333-8FDC-42A3-9474-1A3956D46DE8}") = "UI", "UI", "{FACB8FE7-0AF0-4ACB-92F9-346B3BBDA15F}"
EndProject
Global
	GlobalSection(SolutionConfigurationPlatforms) = preSolution
		Debug|Any CPU = Debug|Any CPU
		Release|Any CPU = Release|Any CPU
	EndGlobalSection
	GlobalSection(ProjectConfigurationPlatforms) = postSolution
		{E9C03013-A7A3-481F-874C-F74F1EC064F1}.Debug|Any CPU.ActiveCfg = Debug|Any CPU
		{E9C03013-A7A3-481F-874C-F74F1EC064F1}.Debug|Any CPU.Build.0 = Debug|Any CPU
		{E9C03013-A7A3-481F-874C-F74F1EC064F1}.Release|Any CPU.ActiveCfg = Release|Any CPU
		{E9C03013-A7A3-481F-874C-F74F1EC064F1}.Release|Any CPU.Build.0 = Release|Any CPU
		{1F0E2E2B-79E2-4130-A843-BE5B520AACA0}.Debug|Any CPU.ActiveCfg = Debug|Any CPU
		{1F0E2E2B-79E2-4130-A843-BE5B520AACA0}.Debug|Any CPU.Build.0 = Debug|Any CPU
		{1F0E2E2B-79E2-4130-A843-BE5B520AACA0}.Release|Any CPU.ActiveCfg = Release|Any CPU
		{1F0E2E2B-79E2-4130-A843-BE5B520AACA0}.Release|Any CPU.Build.0 = Release|Any CPU
		{BE4681ED-55B1-41E2-94BF-63F0463D487D}.Debug|Any CPU.ActiveCfg = Debug|Any CPU
		{BE4681ED-55B1-41E2-94BF-63F0463D487D}.Debug|Any CPU.Build.0 = Debug|Any CPU
		{BE4681ED-55B1-41E2-94BF-63F0463D487D}.Release|Any CPU.ActiveCfg = Release|Any CPU
		{BE4681ED-55B1-41E2-94BF-63F0463D487D}.Release|Any CPU.Build.0 = Release|Any CPU
	EndGlobalSection
	GlobalSection(SolutionProperties) = preSolution
		HideSolutionNode = FALSE
	EndGlobalSection
	GlobalSection(NestedProjects) = preSolution
		{E9C03013-A7A3-481F-874C-F74F1EC064F1} = {3888C412-2988-4BCF-A946-1B8C942FA28D}
		{3888C412-2988-4BCF-A946-1B8C942FA28D} = {208E6365-47A6-4149-8E6E-38A77689B4F3}
		{EC7D993B-2A19-431F-B71E-5CB379772E83} = {208E6365-47A6-4149-8E6E-38A77689B4F3}
		{1F0E2E2B-79E2-4130-A843-BE5B520AACA0} = {EC7D993B-2A19-431F-B71E-5CB379772E83}
		{BE4681ED-55B1-41E2-94BF-63F0463D487D} = {EC7D993B-2A19-431F-B71E-5CB379772E83}
		{671D5871-539E-4ACB-9B4B-8B5E24FDA3E5} = {208E6365-47A6-4149-8E6E-38A77689B4F3}
		{FACB8FE7-0AF0-4ACB-92F9-346B3BBDA15F} = {208E6365-47A6-4149-8E6E-38A77689B4F3}
	EndGlobalSection
	GlobalSection(ExtensibilityGlobals) = postSolution
		SolutionGuid = {33250DBD-867D-47CC-95C2-A8AA23ED8DDC}
	EndGlobalSection
EndGlobal
